
Microsoft Visual Studio Solution File, Format Version 12.00
# Visual Studio Version 16
VisualStudioVersion = 16.0.30611.23
MinimumVisualStudioVersion = 10.0.40219.1
Project("{FAE04EC0-301F-11D3-BF4B-00C04F79EFBC}") = "iSystemOfUI", "iSystemOfUI\iSystemOfUI.csproj", "{0A2B661B-3903-431B-89B3-F3DD3F5C6475}"
EndProject
Global
	GlobalSection(SolutionConfigurationPlatforms) = preSolution
		Debug|Any CPU = Debug|Any CPU
		Release|Any CPU = Release|Any CPU
	EndGlobalSection
	GlobalSection(ProjectConfigurationPlatforms) = postSolution
		{0A2B661B-3903-431B-89B3-F3DD3F5C6475}.Debug|Any CPU.ActiveCfg = Debug|Any CPU
		{0A2B661B-3903-431B-89B3-F3DD3F5C6475}.Debug|Any CPU.Build.0 = Debug|Any CPU
		{0A2B661B-3903-431B-89B3-F3DD3F5C6475}.Release|Any CPU.ActiveCfg = Release|Any CPU
		{0A2B661B-3903-431B-89B3-F3DD3F5C6475}.Release|Any CPU.Build.0 = Release|Any CPU
	EndGlobalSection
	GlobalSection(SolutionProperties) = preSolution
		HideSolutionNode = FALSE
	EndGlobalSection
	GlobalSection(ExtensibilityGlobals) = postSolution
		SolutionGuid = {0BABD4EA-572B-42F6-AF99-CA03022E574B}
	EndGlobalSection
EndGlobal
